
Microsoft Visual Studio Solution File, Format Version 12.00
# Visual Studio Version 16
VisualStudioVersion = 16.0.31019.35
MinimumVisualStudioVersion = 10.0.40219.1
Project("{FAE04EC0-301F-11D3-BF4B-00C04F79EFBC}") = "ForeachKnowledgeProof", "ForeachKnowledgeProof\ForeachKnowledgeProof.csproj", "{94122E82-6B35-44F8-85FA-6837411E2C47}"
EndProject
Project("{FAE04EC0-301F-11D3-BF4B-00C04F79EFBC}") = "ForeachKnowledgeProofLibrary", "ForeachKnowledgeProofLibrary\ForeachKnowledgeProofLibrary.csproj", "{DE46CEE3-F992-4300-AD72-80F1ADE40E8E}"
EndProject
Global
	GlobalSection(SolutionConfigurationPlatforms) = preSolution
		Debug|Any CPU = Debug|Any CPU
		Release|Any CPU = Release|Any CPU
	EndGlobalSection
	GlobalSection(ProjectConfigurationPlatforms) = postSolution
		{94122E82-6B35-44F8-85FA-6837411E2C47}.Debug|Any CPU.ActiveCfg = Debug|Any CPU
		{94122E82-6B35-44F8-85FA-6837411E2C47}.Debug|Any CPU.Build.0 = Debug|Any CPU
		{94122E82-6B35-44F8-85FA-6837411E2C47}.Release|Any CPU.ActiveCfg = Release|Any CPU
		{94122E82-6B35-44F8-85FA-6837411E2C47}.Release|Any CPU.Build.0 = Release|Any CPU
		{DE46CEE3-F992-4300-AD72-80F1ADE40E8E}.Debug|Any CPU.ActiveCfg = Debug|Any CPU
		{DE46CEE3-F992-4300-AD72-80F1ADE40E8E}.Debug|Any CPU.Build.0 = Debug|Any CPU
		{DE46CEE3-F992-4300-AD72-80F1ADE40E8E}.Release|Any CPU.ActiveCfg = Release|Any CPU
		{DE46CEE3-F992-4300-AD72-80F1ADE40E8E}.Release|Any CPU.Build.0 = Release|Any CPU
	EndGlobalSection
	GlobalSection(SolutionProperties) = preSolution
		HideSolutionNode = FALSE
	EndGlobalSection
	GlobalSection(ExtensibilityGlobals) = postSolution
		SolutionGuid = {40F4ECDD-B98D-41BD-8FC7-0C5EE7503E8D}
	EndGlobalSection
EndGlobal
